<?xml version="1.0" encoding="UTF-8" standalone="yes" ?>
<CodeBlocks_project_file>
	<FileVersion major="1" minor="6" />
	<Project>
		<Option title="irrPP" />
		<Option pch_mode="2" />
		<Option compiler="gcc" />
		<Build>
			<Target title="Debug">
				<Option output="lib/debug/irrPP" prefix_auto="1" extension_auto="1" />
				<Option working_dir="" />
				<Option object_output="obj/Debug/" />
				<Option type="2" />
				<Option compiler="gcc" />
				<Option createDefFile="1" />
				<Compiler>
					<Add option="-g" />
					<Add directory="$(#irrlicht.include)" />
					<Add directory="include" />
				</Compiler>
			</Target>
			<Target title="Release">
				<Option output="lib/release/irrPP" prefix_auto="1" extension_auto="1" />
				<Option working_dir="" />
				<Option object_output="obj/Release/" />
				<Option type="2" />
				<Option compiler="gcc" />
				<Option createDefFile="1" />
				<Compiler>
					<Add option="-fexpensive-optimizations" />
					<Add option="-O3" />
					<Add directory="$(#irrlicht.include)" />
					<Add directory="include" />
				</Compiler>
				<Linker>
					<Add option="-s" />
				</Linker>
			</Target>
			<Target title="Demo-Debug">
				<Option output="bin/irrPP" prefix_auto="1" extension_auto="1" />
				<Option working_dir="bin" />
				<Option object_output="obj/demo/" />
				<Option type="1" />
				<Option compiler="gcc" />
				<Option use_console_runner="0" />
				<Compiler>
					<Add option="-g" />
					<Add directory="$(#irrlicht.include)" />
					<Add directory="include" />
				</Compiler>
				<Linker>
					<Add library="bin/Irrlicht.dll" />
					<Add library="lib/win32-gcc/debug/libirrPP.a" />
				</Linker>
			</Target>
			<Target title="Demo-Release">
				<Option output="bin/irrPP" prefix_auto="1" extension_auto="1" />
				<Option working_dir="bin" />
				<Option object_output="obj/demo/" />
				<Option type="0" />
				<Option compiler="gcc" />
				<Compiler>
					<Add directory="$(#irrlicht.include)" />
					<Add directory="include" />
				</Compiler>
				<Linker>
					<Add library="bin/Irrlicht.dll" />
					<Add library="lib/win32-gcc/release/libirrPP.a" />
				</Linker>
			</Target>
			<Target title="GLES-Debug">
				<Option output="lib/debug/irrPP" prefix_auto="1" extension_auto="1" />
				<Option working_dir="" />
				<Option object_output="obj/Debug/" />
				<Option type="2" />
				<Option compiler="gcc" />
				<Option createDefFile="1" />
				<Compiler>
					<Add option="-g" />
					<Add directory="../irrlicht-ogl-es/include" />
					<Add directory="include" />
				</Compiler>
			</Target>
			<Target title="GLES-Release">
				<Option output="lib/release/irrPP" prefix_auto="1" extension_auto="1" />
				<Option working_dir="" />
				<Option object_output="obj/Release/" />
				<Option type="2" />
				<Option compiler="gcc" />
				<Option createDefFile="1" />
				<Compiler>
					<Add option="-fexpensive-optimizations" />
					<Add option="-O3" />
					<Add directory="../irrlicht-ogl-es/include" />
					<Add directory="include" />
				</Compiler>
				<Linker>
					<Add option="-s" />
				</Linker>
			</Target>
			<Target title="GLES-Demo-Debug">
				<Option output="bin/irrPP" prefix_auto="1" extension_auto="1" />
				<Option working_dir="bin" />
				<Option object_output="obj/demo/" />
				<Option type="1" />
				<Option compiler="gcc" />
				<Option use_console_runner="0" />
				<Compiler>
					<Add option="-g" />
					<Add option="-DDEBUG_GLES" />
					<Add directory="../irrlicht-ogl-es/include" />
					<Add directory="include" />
				</Compiler>
				<Linker>
					<Add library="../irrlicht-ogl-es/lib/Linux/libIrrlicht.a" />
					<Add library="lib/debug/libirrPP.a" />
					<Add library="Xxf86vm" />
					<Add library="X11" />
					<Add library="EGL" />
					<Add library="GL" />
					<Add library="GLESv1_CM" />
				</Linker>
			</Target>
		</Build>
		<Compiler>
			<Add option="-Wall" />
		</Compiler>
		<Unit filename="bin/postprocess-gles/add2.frag" />
		<Unit filename="bin/postprocess-gles/albedo.frag" />
		<Unit filename="bin/postprocess-gles/antialias.frag" />
		<Unit filename="bin/postprocess-gles/bloom_prepass.frag" />
		<Unit filename="bin/postprocess-gles/blur_h.frag" />
		<Unit filename="bin/postprocess-gles/blur_h_add.frag" />
		<Unit filename="bin/postprocess-gles/blur_v.frag" />
		<Unit filename="bin/postprocess-gles/coldcolors.frag" />
		<Unit filename="bin/postprocess-gles/fog.frag" />
		<Unit filename="bin/postprocess-gles/fxaa.frag" />
		<Unit filename="bin/postprocess-gles/iseered.frag" />
		<Unit filename="bin/postprocess-gles/quad.vert" />
		<Unit filename="bin/postprocess-gles/warmcolors.frag" />
		<Unit filename="bin/postprocess/add2.frag" />
		<Unit filename="bin/postprocess/antialias.frag" />
		<Unit filename="bin/postprocess/bloom_prepass.frag" />
		<Unit filename="bin/postprocess/blur_h.frag" />
		<Unit filename="bin/postprocess/blur_h_add.frag" />
		<Unit filename="bin/postprocess/blur_v.frag" />
		<Unit filename="bin/postprocess/coldcolors.frag" />
		<Unit filename="bin/postprocess/fog.frag" />
		<Unit filename="bin/postprocess/fxaa.frag" />
		<Unit filename="bin/postprocess/iseered.frag" />
		<Unit filename="bin/postprocess/quad.vert" />
		<Unit filename="bin/postprocess/warmcolors.frag" />
		<Unit filename="include/CPostProcessingEffect.h">
			<Option target="Debug" />
			<Option target="Release" />
			<Option target="GLES-Debug" />
			<Option target="GLES-Release" />
		</Unit>
		<Unit filename="include/CPostProcessingEffectChain.h">
			<Option target="Release" />
			<Option target="Debug" />
			<Option target="GLES-Debug" />
			<Option target="GLES-Release" />
		</Unit>
		<Unit filename="include/E_POST_PROCESSING_EFFECT.h">
			<Option target="Debug" />
			<Option target="Release" />
			<Option target="GLES-Debug" />
			<Option target="GLES-Release" />
		</Unit>
		<Unit filename="include/IQuadSceneNode.h">
			<Option target="Debug" />
			<Option target="Release" />
			<Option target="GLES-Debug" />
			<Option target="GLES-Release" />
		</Unit>
		<Unit filename="include/IShaderDefaultPostProcessCallback.h">
			<Option target="Debug" />
			<Option target="Release" />
			<Option target="GLES-Debug" />
			<Option target="GLES-Release" />
		</Unit>
		<Unit filename="include/irrPP.h">
			<Option target="Debug" />
			<Option target="Release" />
			<Option target="GLES-Debug" />
			<Option target="GLES-Release" />
		</Unit>
		<Unit filename="source/CPostProcessingEffect.cpp">
			<Option target="Debug" />
			<Option target="Release" />
			<Option target="GLES-Debug" />
			<Option target="GLES-Release" />
		</Unit>
		<Unit filename="source/CPostProcessingEffectChain.cpp">
			<Option target="Release" />
			<Option target="Debug" />
			<Option target="GLES-Debug" />
			<Option target="GLES-Release" />
		</Unit>
		<Unit filename="source/IQuadSceneNode.cpp">
			<Option target="Debug" />
			<Option target="Release" />
			<Option target="GLES-Debug" />
			<Option target="GLES-Release" />
		</Unit>
		<Unit filename="source/IShaderDefaultPostProcessCallback.cpp">
			<Option target="Debug" />
			<Option target="Release" />
			<Option target="GLES-Debug" />
			<Option target="GLES-Release" />
		</Unit>
		<Unit filename="source/demo.cpp">
			<Option target="Demo-Release" />
			<Option target="Demo-Debug" />
			<Option target="GLES-Demo-Debug" />
		</Unit>
		<Unit filename="source/irrPP.cpp">
			<Option target="Debug" />
			<Option target="Release" />
			<Option target="GLES-Debug" />
			<Option target="GLES-Release" />
		</Unit>
		<Extensions>
			<code_completion />
			<envvars />
			<debugger />
		</Extensions>
	</Project>
</CodeBlocks_project_file>
